
Microsoft Visual Studio Solution File, Format Version 12.00
# Visual Studio Version 17
VisualStudioVersion = 17.8.34330.188
MinimumVisualStudioVersion = 10.0.40219.1
Project("{9A19103F-16F7-4668-BE54-9A1E7A4F7556}") = "Assignment05", "Assignment05\Assignment05.csproj", "{5B2DFA27-9A9F-4B0F-A320-CEF5B5B771C0}"
EndProject
Project("{FAE04EC0-301F-11D3-BF4B-00C04F79EFBC}") = "Demo", "Demo\Demo.csproj", "{434E029A-136B-4E80-8F52-3081E79A21DF}"
EndProject
Global
	GlobalSection(SolutionConfigurationPlatforms) = preSolution
		Debug|Any CPU = Debug|Any CPU
		Release|Any CPU = Release|Any CPU
	EndGlobalSection
	GlobalSection(ProjectConfigurationPlatforms) = postSolution
		{5B2DFA27-9A9F-4B0F-A320-CEF5B5B771C0}.Debug|Any CPU.ActiveCfg = Debug|Any CPU
		{5B2DFA27-9A9F-4B0F-A320-CEF5B5B771C0}.Debug|Any CPU.Build.0 = Debug|Any CPU
		{5B2DFA27-9A9F-4B0F-A320-CEF5B5B771C0}.Release|Any CPU.ActiveCfg = Release|Any CPU
		{5B2DFA27-9A9F-4B0F-A320-CEF5B5B771C0}.Release|Any CPU.Build.0 = Release|Any CPU
		{434E029A-136B-4E80-8F52-3081E79A21DF}.Debug|Any CPU.ActiveCfg = Debug|Any CPU
		{434E029A-136B-4E80-8F52-3081E79A21DF}.Debug|Any CPU.Build.0 = Debug|Any CPU
		{434E029A-136B-4E80-8F52-3081E79A21DF}.Release|Any CPU.ActiveCfg = Release|Any CPU
		{434E029A-136B-4E80-8F52-3081E79A21DF}.Release|Any CPU.Build.0 = Release|Any CPU
	EndGlobalSection
	GlobalSection(SolutionProperties) = preSolution
		HideSolutionNode = FALSE
	EndGlobalSection
	GlobalSection(ExtensibilityGlobals) = postSolution
		SolutionGuid = {C3C40699-3E95-4AA6-A323-450C9732E1BB}
	EndGlobalSection
EndGlobal
